# THIS IS AN AUTOGENERATED FILE. DO NOT EDIT THIS FILE DIRECTLY.
# yarn lockfile v1


save-svg-as-png@^1.4.17:
  version "1.4.17"
  resolved "https://registry.yarnpkg.com/save-svg-as-png/-/save-svg-as-png-1.4.17.tgz#294442002772a24f1db1bf8a2aaf7df4ab0cdc55"
  integrity sha512-7QDaqJsVhdFPwviCxkgHiGm9omeaMBe1VKbHySWU6oFB2LtnGCcYS13eVoslUgq6VZC6Tjq/HddBd1K6p2PGpA==

svg64@^1.1.0:
  version "1.1.0"
  resolved "https://registry.yarnpkg.com/svg64/-/svg64-1.1.0.tgz#51f2c9f52675c59fd921ed9bddc5169501664973"
  integrity sha512-9qfEr8mXxA/sgoybuCfCM72iiRplE6J1qCpCtljr1+C/UccVvRxz/sHBf/JQ7tsuXSm+p02Al1mP4DreJB7Edw==
